
Microsoft Visual Studio Solution File, Format Version 12.00
# Visual Studio Version 17
VisualStudioVersion = 17.6.33829.357
MinimumVisualStudioVersion = 10.0.40219.1
Project("{FAE04EC0-301F-11D3-BF4B-00C04F79EFBC}") = "Hasitotablazat", "Hasitotablazat\Hasitotablazat.csproj", "{91A4885E-476B-4349-8D5A-88D66FDC085A}"
EndProject
Project("{2150E333-8FDC-42A3-9474-1A3956D46DE8}") = "Solution Items", "Solution Items", "{518D0EB1-2F6E-4D04-9CED-D5D70ECB8080}"
EndProject
Global
	GlobalSection(SolutionConfigurationPlatforms) = preSolution
		Debug|Any CPU = Debug|Any CPU
		Release|Any CPU = Release|Any CPU
	EndGlobalSection
	GlobalSection(ProjectConfigurationPlatforms) = postSolution
		{91A4885E-476B-4349-8D5A-88D66FDC085A}.Debug|Any CPU.ActiveCfg = Debug|Any CPU
		{91A4885E-476B-4349-8D5A-88D66FDC085A}.Debug|Any CPU.Build.0 = Debug|Any CPU
		{91A4885E-476B-4349-8D5A-88D66FDC085A}.Release|Any CPU.ActiveCfg = Release|Any CPU
		{91A4885E-476B-4349-8D5A-88D66FDC085A}.Release|Any CPU.Build.0 = Release|Any CPU
	EndGlobalSection
	GlobalSection(SolutionProperties) = preSolution
		HideSolutionNode = FALSE
	EndGlobalSection
	GlobalSection(ExtensibilityGlobals) = postSolution
		SolutionGuid = {D1D362AD-3B25-4177-BDFD-DF6F89906AA4}
	EndGlobalSection
EndGlobal
